# This file is automatically @generated by Poetry 2.0.1 and should not be changed by hand.

[[package]]
name = "rx"
version = "3.2.0"
description = "Reactive Extensions (Rx) for Python"
optional = false
python-versions = ">=3.6.0"
groups = ["main"]
files = [
    {file = "Rx-3.2.0-py3-none-any.whl", hash = "sha256:922c5f4edb3aa1beaa47bf61d65d5380011ff6adcd527f26377d05cb73ed8ec8"},
    {file = "Rx-3.2.0.tar.gz", hash = "sha256:b657ca2b45aa485da2f7dcfd09fac2e554f7ac51ff3c2f8f2ff962ecd963d91c"},
]

[metadata]
lock-version = "2.1"
python-versions = ">=3.6"
content-hash = "03be692a88d6096544e10e586fe6a069376235bb90dd2bac5f573788d48122c2"
